# This file is automatically @generated by Cargo.
# It is not intended for manual editing.
version = 3

[[package]]
name = "catch-input"
version = "1.1.2"
source = "registry+https://github.com/rust-lang/crates.io-index"
checksum = "3334376bca255fbd40b5874653031f6695d1d5f2a05d8957c57031466fd37771"

[[package]]
name = "my-project"
version = "0.1.0"
dependencies = [
 "catch-input",
]
